# THIS IS AN AUTOGENERATED FILE. DO NOT EDIT THIS FILE DIRECTLY.
# yarn lockfile v1


"@esbuild/darwin-arm64@0.18.15":
  "integrity" "sha512-XmrFwEOYauKte9QjS6hz60FpOCnw4zaPAb7XV7O4lx1r39XjJhTN7ZpXqJh4sN6q60zbP6QwAVVA8N/wUyBH/w=="
  "resolved" "https://registry.npmjs.org/@esbuild/darwin-arm64/-/darwin-arm64-0.18.15.tgz"
  "version" "0.18.15"

"@tauri-apps/api@^1.2.0":
  "integrity" "sha512-Jd6HPoTM1PZSFIzq7FB8VmMu3qSSyo/3lSwLpoapW+lQ41CL5Dow2KryLg+gyazA/58DRWI9vu/XpEeHK4uMdw=="
  "resolved" "https://registry.npmjs.org/@tauri-apps/api/-/api-1.4.0.tgz"
  "version" "1.4.0"

"@types/node@^18.16.0", "@types/node@>= 14":
  "integrity" "sha512-IXl7o+R9iti9eBW4Wg2hx1xQDig183jj7YLn8F7udNceyfkbn1ZxmzZXuak20gR40D7pIkIY1kYGx5VIGbaHKA=="
  "resolved" "https://registry.npmjs.org/@types/node/-/node-18.16.19.tgz"
  "version" "18.16.19"

"esbuild@^0.18.10":
  "integrity" "sha512-3WOOLhrvuTGPRzQPU6waSDWrDTnQriia72McWcn6UCi43GhCHrXH4S59hKMeez+IITmdUuUyvbU9JIp+t3xlPQ=="
  "resolved" "https://registry.npmjs.org/esbuild/-/esbuild-0.18.15.tgz"
  "version" "0.18.15"
  optionalDependencies:
    "@esbuild/android-arm" "0.18.15"
    "@esbuild/android-arm64" "0.18.15"
    "@esbuild/android-x64" "0.18.15"
    "@esbuild/darwin-arm64" "0.18.15"
    "@esbuild/darwin-x64" "0.18.15"
    "@esbuild/freebsd-arm64" "0.18.15"
    "@esbuild/freebsd-x64" "0.18.15"
    "@esbuild/linux-arm" "0.18.15"
    "@esbuild/linux-arm64" "0.18.15"
    "@esbuild/linux-ia32" "0.18.15"
    "@esbuild/linux-loong64" "0.18.15"
    "@esbuild/linux-mips64el" "0.18.15"
    "@esbuild/linux-ppc64" "0.18.15"
    "@esbuild/linux-riscv64" "0.18.15"
    "@esbuild/linux-s390x" "0.18.15"
    "@esbuild/linux-x64" "0.18.15"
    "@esbuild/netbsd-x64" "0.18.15"
    "@esbuild/openbsd-x64" "0.18.15"
    "@esbuild/sunos-x64" "0.18.15"
    "@esbuild/win32-arm64" "0.18.15"
    "@esbuild/win32-ia32" "0.18.15"
    "@esbuild/win32-x64" "0.18.15"

"fsevents@~2.3.2":
  "integrity" "sha512-xiqMQR4xAeHTuB9uWm+fFRcIOgKBMiOBP+eXiyT7jsgVCq1bkVygt00oASowB7EdtpOHaaPgKt812P9ab+DDKA=="
  "resolved" "https://registry.npmjs.org/fsevents/-/fsevents-2.3.2.tgz"
  "version" "2.3.2"

"nanoid@^3.3.6":
  "integrity" "sha512-BGcqMMJuToF7i1rt+2PWSNVnWIkGCU78jBG3RxO/bZlnZPK2Cmi2QaffxGO/2RvWi9sL+FAiRiXMgsyxQ1DIDA=="
  "resolved" "https://registry.npmjs.org/nanoid/-/nanoid-3.3.6.tgz"
  "version" "3.3.6"

"picocolors@^1.0.0":
  "integrity" "sha512-1fygroTLlHu66zi26VoTDv8yRgm0Fccecssto+MhsZ0D/DGW2sm8E8AjW7NU5VVTRt5GxbeZ5qBuJr+HyLYkjQ=="
  "resolved" "https://registry.npmjs.org/picocolors/-/picocolors-1.0.0.tgz"
  "version" "1.0.0"

"postcss@^8.4.26":
  "integrity" "sha512-jrXHFF8iTloAenySjM/ob3gSj7pCu0Ji49hnjqzsgSRa50hkWCKD0HQ+gMNJkW38jBI68MpAAg7ZWwHwX8NMMw=="
  "resolved" "https://registry.npmjs.org/postcss/-/postcss-8.4.26.tgz"
  "version" "8.4.26"
  dependencies:
    "nanoid" "^3.3.6"
    "picocolors" "^1.0.0"
    "source-map-js" "^1.0.2"

"rollup@^3.25.2":
  "integrity" "sha512-7Tin0C8l86TkpcMtXvQu6saWH93nhG3dGQ1/+l5V2TDMceTxO7kDiK6GzbfLWNNxqJXm591PcEZUozZm51ogwQ=="
  "resolved" "https://registry.npmjs.org/rollup/-/rollup-3.26.3.tgz"
  "version" "3.26.3"
  optionalDependencies:
    "fsevents" "~2.3.2"

"source-map-js@^1.0.2":
  "integrity" "sha512-R0XvVJ9WusLiqTCEiGCmICCMplcCkIwwR11mOSD9CR5u+IXYdiseeEuXCVAjS54zqwkLcPNnmU4OeJ6tUrWhDw=="
  "resolved" "https://registry.npmjs.org/source-map-js/-/source-map-js-1.0.2.tgz"
  "version" "1.0.2"

"vite@^4.3.1":
  "integrity" "sha512-EY6Mm8vJ++S3D4tNAckaZfw3JwG3wa794Vt70M6cNJ6NxT87yhq7EC8Rcap3ahyHdo8AhCmV9PTk+vG1HiYn1A=="
  "resolved" "https://registry.npmjs.org/vite/-/vite-4.4.6.tgz"
  "version" "4.4.6"
  dependencies:
    "esbuild" "^0.18.10"
    "postcss" "^8.4.26"
    "rollup" "^3.25.2"
  optionalDependencies:
    "fsevents" "~2.3.2"
